
Microsoft Visual Studio Solution File, Format Version 12.00
# Visual Studio 14
VisualStudioVersion = 14.0.25420.1
MinimumVisualStudioVersion = 10.0.40219.1
Project("{FAE04EC0-301F-11D3-BF4B-00C04F79EFBC}") = "DrinkOBand.Core", "DrinkOBand.Core\DrinkOBand.Core.csproj", "{1380BC52-94AE-4218-A4B4-1F99593707BC}"
EndProject
Project("{FAE04EC0-301F-11D3-BF4B-00C04F79EFBC}") = "DrinkOBand.Universal", "DrinkOBand.Universal\DrinkOBand.Universal.csproj", "{2D65887C-EC44-45F6-99E4-857DE7EC11DA}"
EndProject
Project("{FAE04EC0-301F-11D3-BF4B-00C04F79EFBC}") = "drinkobandserviceService", "drinkobandservice_new\drinkobandserviceService.csproj", "{81A1B951-751E-4AAF-A582-17C8218EFED5}"
EndProject
Project("{FAE04EC0-301F-11D3-BF4B-00C04F79EFBC}") = "DrinkOBand.BackgroundTasks.UWP", "DrinkOBand.BackgroundTasks.UWP\DrinkOBand.BackgroundTasks.UWP.csproj", "{7EB2F848-7F7C-4DD5-9CB5-053F5946DAA8}"
EndProject
Project("{FAE04EC0-301F-11D3-BF4B-00C04F79EFBC}") = "DrinkOBand.Common", "DrinkOBand.Common\DrinkOBand.Common.csproj", "{819A87A4-D94F-4E91-8A8C-5387A9922C42}"
EndProject
Project("{FAE04EC0-301F-11D3-BF4B-00C04F79EFBC}") = "DrinkOBand.ViewModels", "DrinkOBand.ViewModels\DrinkOBand.ViewModels.csproj", "{67F9D3A8-F71E-4428-913F-C37AE82CDB24}"
EndProject
Global
	GlobalSection(SolutionConfigurationPlatforms) = preSolution
		Ad-Hoc|Any CPU = Ad-Hoc|Any CPU
		Ad-Hoc|ARM = Ad-Hoc|ARM
		Ad-Hoc|iPhone = Ad-Hoc|iPhone
		Ad-Hoc|iPhoneSimulator = Ad-Hoc|iPhoneSimulator
		Ad-Hoc|x64 = Ad-Hoc|x64
		Ad-Hoc|x86 = Ad-Hoc|x86
		AppStore|Any CPU = AppStore|Any CPU
		AppStore|ARM = AppStore|ARM
		AppStore|iPhone = AppStore|iPhone
		AppStore|iPhoneSimulator = AppStore|iPhoneSimulator
		AppStore|x64 = AppStore|x64
		AppStore|x86 = AppStore|x86
		Debug|Any CPU = Debug|Any CPU
		Debug|ARM = Debug|ARM
		Debug|iPhone = Debug|iPhone
		Debug|iPhoneSimulator = Debug|iPhoneSimulator
		Debug|x64 = Debug|x64
		Debug|x86 = Debug|x86
		Release|Any CPU = Release|Any CPU
		Release|ARM = Release|ARM
		Release|iPhone = Release|iPhone
		Release|iPhoneSimulator = Release|iPhoneSimulator
		Release|x64 = Release|x64
		Release|x86 = Release|x86
	EndGlobalSection
	GlobalSection(ProjectConfigurationPlatforms) = postSolution
		{1380BC52-94AE-4218-A4B4-1F99593707BC}.Ad-Hoc|Any CPU.ActiveCfg = Release|Any CPU
		{1380BC52-94AE-4218-A4B4-1F99593707BC}.Ad-Hoc|Any CPU.Build.0 = Release|Any CPU
		{1380BC52-94AE-4218-A4B4-1F99593707BC}.Ad-Hoc|ARM.ActiveCfg = Release|Any CPU
		{1380BC52-94AE-4218-A4B4-1F99593707BC}.Ad-Hoc|ARM.Build.0 = Release|Any CPU
		{1380BC52-94AE-4218-A4B4-1F99593707BC}.Ad-Hoc|iPhone.ActiveCfg = Release|Any CPU
		{1380BC52-94AE-4218-A4B4-1F99593707BC}.Ad-Hoc|iPhone.Build.0 = Release|Any CPU
		{1380BC52-94AE-4218-A4B4-1F99593707BC}.Ad-Hoc|iPhoneSimulator.ActiveCfg = Release|Any CPU
		{1380BC52-94AE-4218-A4B4-1F99593707BC}.Ad-Hoc|iPhoneSimulator.Build.0 = Release|Any CPU
		{1380BC52-94AE-4218-A4B4-1F99593707BC}.Ad-Hoc|x64.ActiveCfg = Release|Any CPU
		{1380BC52-94AE-4218-A4B4-1F99593707BC}.Ad-Hoc|x64.Build.0 = Release|Any CPU
		{1380BC52-94AE-4218-A4B4-1F99593707BC}.Ad-Hoc|x86.ActiveCfg = Release|Any CPU
		{1380BC52-94AE-4218-A4B4-1F99593707BC}.Ad-Hoc|x86.Build.0 = Release|Any CPU
		{1380BC52-94AE-4218-A4B4-1F99593707BC}.AppStore|Any CPU.ActiveCfg = Release|Any CPU
		{1380BC52-94AE-4218-A4B4-1F99593707BC}.AppStore|Any CPU.Build.0 = Release|Any CPU
		{1380BC52-94AE-4218-A4B4-1F99593707BC}.AppStore|ARM.ActiveCfg = Release|Any CPU
		{1380BC52-94AE-4218-A4B4-1F99593707BC}.AppStore|ARM.Build.0 = Release|Any CPU
		{1380BC52-94AE-4218-A4B4-1F99593707BC}.AppStore|iPhone.ActiveCfg = Release|Any CPU
		{1380BC52-94AE-4218-A4B4-1F99593707BC}.AppStore|iPhone.Build.0 = Release|Any CPU
		{1380BC52-94AE-4218-A4B4-1F99593707BC}.AppStore|iPhoneSimulator.ActiveCfg = Release|Any CPU
		{1380BC52-94AE-4218-A4B4-1F99593707BC}.AppStore|iPhoneSimulator.Build.0 = Release|Any CPU
		{1380BC52-94AE-4218-A4B4-1F99593707BC}.AppStore|x64.ActiveCfg = Release|Any CPU
		{1380BC52-94AE-4218-A4B4-1F99593707BC}.AppStore|x64.Build.0 = Release|Any CPU
		{1380BC52-94AE-4218-A4B4-1F99593707BC}.AppStore|x86.ActiveCfg = Release|Any CPU
		{1380BC52-94AE-4218-A4B4-1F99593707BC}.AppStore|x86.Build.0 = Release|Any CPU
		{1380BC52-94AE-4218-A4B4-1F99593707BC}.Debug|Any CPU.ActiveCfg = Debug|Any CPU
		{1380BC52-94AE-4218-A4B4-1F99593707BC}.Debug|Any CPU.Build.0 = Debug|Any CPU
		{1380BC52-94AE-4218-A4B4-1F99593707BC}.Debug|ARM.ActiveCfg = Debug|Any CPU
		{1380BC52-94AE-4218-A4B4-1F99593707BC}.Debug|ARM.Build.0 = Debug|Any CPU
		{1380BC52-94AE-4218-A4B4-1F99593707BC}.Debug|iPhone.ActiveCfg = Debug|Any CPU
		{1380BC52-94AE-4218-A4B4-1F99593707BC}.Debug|iPhone.Build.0 = Debug|Any CPU
		{1380BC52-94AE-4218-A4B4-1F99593707BC}.Debug|iPhoneSimulator.ActiveCfg = Debug|Any CPU
		{1380BC52-94AE-4218-A4B4-1F99593707BC}.Debug|iPhoneSimulator.Build.0 = Debug|Any CPU
		{1380BC52-94AE-4218-A4B4-1F99593707BC}.Debug|x64.ActiveCfg = Debug|Any CPU
		{1380BC52-94AE-4218-A4B4-1F99593707BC}.Debug|x64.Build.0 = Debug|Any CPU
		{1380BC52-94AE-4218-A4B4-1F99593707BC}.Debug|x86.ActiveCfg = Debug|Any CPU
		{1380BC52-94AE-4218-A4B4-1F99593707BC}.Debug|x86.Build.0 = Debug|Any CPU
		{1380BC52-94AE-4218-A4B4-1F99593707BC}.Release|Any CPU.ActiveCfg = Release|Any CPU
		{1380BC52-94AE-4218-A4B4-1F99593707BC}.Release|Any CPU.Build.0 = Release|Any CPU
		{1380BC52-94AE-4218-A4B4-1F99593707BC}.Release|ARM.ActiveCfg = Release|Any CPU
		{1380BC52-94AE-4218-A4B4-1F99593707BC}.Release|ARM.Build.0 = Release|Any CPU
		{1380BC52-94AE-4218-A4B4-1F99593707BC}.Release|iPhone.ActiveCfg = Release|Any CPU
		{1380BC52-94AE-4218-A4B4-1F99593707BC}.Release|iPhone.Build.0 = Release|Any CPU
		{1380BC52-94AE-4218-A4B4-1F99593707BC}.Release|iPhoneSimulator.ActiveCfg = Release|Any CPU
		{1380BC52-94AE-4218-A4B4-1F99593707BC}.Release|iPhoneSimulator.Build.0 = Release|Any CPU
		{1380BC52-94AE-4218-A4B4-1F99593707BC}.Release|x64.ActiveCfg = Release|Any CPU
		{1380BC52-94AE-4218-A4B4-1F99593707BC}.Release|x64.Build.0 = Release|Any CPU
		{1380BC52-94AE-4218-A4B4-1F99593707BC}.Release|x86.ActiveCfg = Release|Any CPU
		{1380BC52-94AE-4218-A4B4-1F99593707BC}.Release|x86.Build.0 = Release|Any CPU
		{2D65887C-EC44-45F6-99E4-857DE7EC11DA}.Ad-Hoc|Any CPU.ActiveCfg = Release|x64
		{2D65887C-EC44-45F6-99E4-857DE7EC11DA}.Ad-Hoc|Any CPU.Build.0 = Release|x64
		{2D65887C-EC44-45F6-99E4-857DE7EC11DA}.Ad-Hoc|Any CPU.Deploy.0 = Release|x64
		{2D65887C-EC44-45F6-99E4-857DE7EC11DA}.Ad-Hoc|ARM.ActiveCfg = Release|ARM
		{2D65887C-EC44-45F6-99E4-857DE7EC11DA}.Ad-Hoc|ARM.Build.0 = Release|ARM
		{2D65887C-EC44-45F6-99E4-857DE7EC11DA}.Ad-Hoc|ARM.Deploy.0 = Release|ARM
		{2D65887C-EC44-45F6-99E4-857DE7EC11DA}.Ad-Hoc|iPhone.ActiveCfg = Release|x64
		{2D65887C-EC44-45F6-99E4-857DE7EC11DA}.Ad-Hoc|iPhone.Build.0 = Release|x64
		{2D65887C-EC44-45F6-99E4-857DE7EC11DA}.Ad-Hoc|iPhone.Deploy.0 = Release|x64
		{2D65887C-EC44-45F6-99E4-857DE7EC11DA}.Ad-Hoc|iPhoneSimulator.ActiveCfg = Release|x64
		{2D65887C-EC44-45F6-99E4-857DE7EC11DA}.Ad-Hoc|iPhoneSimulator.Build.0 = Release|x64
		{2D65887C-EC44-45F6-99E4-857DE7EC11DA}.Ad-Hoc|iPhoneSimulator.Deploy.0 = Release|x64
		{2D65887C-EC44-45F6-99E4-857DE7EC11DA}.Ad-Hoc|x64.ActiveCfg = Release|x64
		{2D65887C-EC44-45F6-99E4-857DE7EC11DA}.Ad-Hoc|x64.Build.0 = Release|x64
		{2D65887C-EC44-45F6-99E4-857DE7EC11DA}.Ad-Hoc|x64.Deploy.0 = Release|x64
		{2D65887C-EC44-45F6-99E4-857DE7EC11DA}.Ad-Hoc|x86.ActiveCfg = Release|x86
		{2D65887C-EC44-45F6-99E4-857DE7EC11DA}.Ad-Hoc|x86.Build.0 = Release|x86
		{2D65887C-EC44-45F6-99E4-857DE7EC11DA}.Ad-Hoc|x86.Deploy.0 = Release|x86
		{2D65887C-EC44-45F6-99E4-857DE7EC11DA}.AppStore|Any CPU.ActiveCfg = Release|x64
		{2D65887C-EC44-45F6-99E4-857DE7EC11DA}.AppStore|Any CPU.Build.0 = Release|x64
		{2D65887C-EC44-45F6-99E4-857DE7EC11DA}.AppStore|Any CPU.Deploy.0 = Release|x64
		{2D65887C-EC44-45F6-99E4-857DE7EC11DA}.AppStore|ARM.ActiveCfg = Release|ARM
		{2D65887C-EC44-45F6-99E4-857DE7EC11DA}.AppStore|ARM.Build.0 = Release|ARM
		{2D65887C-EC44-45F6-99E4-857DE7EC11DA}.AppStore|ARM.Deploy.0 = Release|ARM
		{2D65887C-EC44-45F6-99E4-857DE7EC11DA}.AppStore|iPhone.ActiveCfg = Release|x64
		{2D65887C-EC44-45F6-99E4-857DE7EC11DA}.AppStore|iPhone.Build.0 = Release|x64
		{2D65887C-EC44-45F6-99E4-857DE7EC11DA}.AppStore|iPhone.Deploy.0 = Release|x64
		{2D65887C-EC44-45F6-99E4-857DE7EC11DA}.AppStore|iPhoneSimulator.ActiveCfg = Release|x64
		{2D65887C-EC44-45F6-99E4-857DE7EC11DA}.AppStore|iPhoneSimulator.Build.0 = Release|x64
		{2D65887C-EC44-45F6-99E4-857DE7EC11DA}.AppStore|iPhoneSimulator.Deploy.0 = Release|x64
		{2D65887C-EC44-45F6-99E4-857DE7EC11DA}.AppStore|x64.ActiveCfg = Release|x64
		{2D65887C-EC44-45F6-99E4-857DE7EC11DA}.AppStore|x64.Build.0 = Release|x64
		{2D65887C-EC44-45F6-99E4-857DE7EC11DA}.AppStore|x64.Deploy.0 = Release|x64
		{2D65887C-EC44-45F6-99E4-857DE7EC11DA}.AppStore|x86.ActiveCfg = Release|x86
		{2D65887C-EC44-45F6-99E4-857DE7EC11DA}.AppStore|x86.Build.0 = Release|x86
		{2D65887C-EC44-45F6-99E4-857DE7EC11DA}.AppStore|x86.Deploy.0 = Release|x86
		{2D65887C-EC44-45F6-99E4-857DE7EC11DA}.Debug|Any CPU.ActiveCfg = Debug|x86
		{2D65887C-EC44-45F6-99E4-857DE7EC11DA}.Debug|ARM.ActiveCfg = Debug|ARM
		{2D65887C-EC44-45F6-99E4-857DE7EC11DA}.Debug|ARM.Build.0 = Debug|ARM
		{2D65887C-EC44-45F6-99E4-857DE7EC11DA}.Debug|ARM.Deploy.0 = Debug|ARM
		{2D65887C-EC44-45F6-99E4-857DE7EC11DA}.Debug|iPhone.ActiveCfg = Debug|x86
		{2D65887C-EC44-45F6-99E4-857DE7EC11DA}.Debug|iPhoneSimulator.ActiveCfg = Debug|x86
		{2D65887C-EC44-45F6-99E4-857DE7EC11DA}.Debug|x64.ActiveCfg = Debug|x64
		{2D65887C-EC44-45F6-99E4-857DE7EC11DA}.Debug|x64.Build.0 = Debug|x64
		{2D65887C-EC44-45F6-99E4-857DE7EC11DA}.Debug|x64.Deploy.0 = Debug|x64
		{2D65887C-EC44-45F6-99E4-857DE7EC11DA}.Debug|x86.ActiveCfg = Debug|x86
		{2D65887C-EC44-45F6-99E4-857DE7EC11DA}.Debug|x86.Build.0 = Debug|x86
		{2D65887C-EC44-45F6-99E4-857DE7EC11DA}.Debug|x86.Deploy.0 = Debug|x86
		{2D65887C-EC44-45F6-99E4-857DE7EC11DA}.Release|Any CPU.ActiveCfg = Release|x86
		{2D65887C-EC44-45F6-99E4-857DE7EC11DA}.Release|ARM.ActiveCfg = Release|ARM
		{2D65887C-EC44-45F6-99E4-857DE7EC11DA}.Release|ARM.Build.0 = Release|ARM
		{2D65887C-EC44-45F6-99E4-857DE7EC11DA}.Release|ARM.Deploy.0 = Release|ARM
		{2D65887C-EC44-45F6-99E4-857DE7EC11DA}.Release|iPhone.ActiveCfg = Release|x86
		{2D65887C-EC44-45F6-99E4-857DE7EC11DA}.Release|iPhoneSimulator.ActiveCfg = Release|x86
		{2D65887C-EC44-45F6-99E4-857DE7EC11DA}.Release|x64.ActiveCfg = Release|x64
		{2D65887C-EC44-45F6-99E4-857DE7EC11DA}.Release|x64.Build.0 = Release|x64
		{2D65887C-EC44-45F6-99E4-857DE7EC11DA}.Release|x64.Deploy.0 = Release|x64
		{2D65887C-EC44-45F6-99E4-857DE7EC11DA}.Release|x86.ActiveCfg = Release|x86
		{2D65887C-EC44-45F6-99E4-857DE7EC11DA}.Release|x86.Build.0 = Release|x86
		{2D65887C-EC44-45F6-99E4-857DE7EC11DA}.Release|x86.Deploy.0 = Release|x86
		{81A1B951-751E-4AAF-A582-17C8218EFED5}.Ad-Hoc|Any CPU.ActiveCfg = Release|Any CPU
		{81A1B951-751E-4AAF-A582-17C8218EFED5}.Ad-Hoc|Any CPU.Build.0 = Release|Any CPU
		{81A1B951-751E-4AAF-A582-17C8218EFED5}.Ad-Hoc|ARM.ActiveCfg = Release|Any CPU
		{81A1B951-751E-4AAF-A582-17C8218EFED5}.Ad-Hoc|ARM.Build.0 = Release|Any CPU
		{81A1B951-751E-4AAF-A582-17C8218EFED5}.Ad-Hoc|iPhone.ActiveCfg = Release|Any CPU
		{81A1B951-751E-4AAF-A582-17C8218EFED5}.Ad-Hoc|iPhone.Build.0 = Release|Any CPU
		{81A1B951-751E-4AAF-A582-17C8218EFED5}.Ad-Hoc|iPhoneSimulator.ActiveCfg = Release|Any CPU
		{81A1B951-751E-4AAF-A582-17C8218EFED5}.Ad-Hoc|iPhoneSimulator.Build.0 = Release|Any CPU
		{81A1B951-751E-4AAF-A582-17C8218EFED5}.Ad-Hoc|x64.ActiveCfg = Release|Any CPU
		{81A1B951-751E-4AAF-A582-17C8218EFED5}.Ad-Hoc|x64.Build.0 = Release|Any CPU
		{81A1B951-751E-4AAF-A582-17C8218EFED5}.Ad-Hoc|x86.ActiveCfg = Release|Any CPU
		{81A1B951-751E-4AAF-A582-17C8218EFED5}.Ad-Hoc|x86.Build.0 = Release|Any CPU
		{81A1B951-751E-4AAF-A582-17C8218EFED5}.AppStore|Any CPU.ActiveCfg = Release|Any CPU
		{81A1B951-751E-4AAF-A582-17C8218EFED5}.AppStore|Any CPU.Build.0 = Release|Any CPU
		{81A1B951-751E-4AAF-A582-17C8218EFED5}.AppStore|ARM.ActiveCfg = Release|Any CPU
		{81A1B951-751E-4AAF-A582-17C8218EFED5}.AppStore|ARM.Build.0 = Release|Any CPU
		{81A1B951-751E-4AAF-A582-17C8218EFED5}.AppStore|iPhone.ActiveCfg = Release|Any CPU
		{81A1B951-751E-4AAF-A582-17C8218EFED5}.AppStore|iPhone.Build.0 = Release|Any CPU
		{81A1B951-751E-4AAF-A582-17C8218EFED5}.AppStore|iPhoneSimulator.ActiveCfg = Release|Any CPU
		{81A1B951-751E-4AAF-A582-17C8218EFED5}.AppStore|iPhoneSimulator.Build.0 = Release|Any CPU
		{81A1B951-751E-4AAF-A582-17C8218EFED5}.AppStore|x64.ActiveCfg = Release|Any CPU
		{81A1B951-751E-4AAF-A582-17C8218EFED5}.AppStore|x64.Build.0 = Release|Any CPU
		{81A1B951-751E-4AAF-A582-17C8218EFED5}.AppStore|x86.ActiveCfg = Release|Any CPU
		{81A1B951-751E-4AAF-A582-17C8218EFED5}.AppStore|x86.Build.0 = Release|Any CPU
		{81A1B951-751E-4AAF-A582-17C8218EFED5}.Debug|Any CPU.ActiveCfg = Debug|Any CPU
		{81A1B951-751E-4AAF-A582-17C8218EFED5}.Debug|ARM.ActiveCfg = Debug|Any CPU
		{81A1B951-751E-4AAF-A582-17C8218EFED5}.Debug|ARM.Build.0 = Debug|Any CPU
		{81A1B951-751E-4AAF-A582-17C8218EFED5}.Debug|iPhone.ActiveCfg = Debug|Any CPU
		{81A1B951-751E-4AAF-A582-17C8218EFED5}.Debug|iPhone.Build.0 = Debug|Any CPU
		{81A1B951-751E-4AAF-A582-17C8218EFED5}.Debug|iPhoneSimulator.ActiveCfg = Debug|Any CPU
		{81A1B951-751E-4AAF-A582-17C8218EFED5}.Debug|x64.ActiveCfg = Debug|Any CPU
		{81A1B951-751E-4AAF-A582-17C8218EFED5}.Debug|x64.Build.0 = Debug|Any CPU
		{81A1B951-751E-4AAF-A582-17C8218EFED5}.Debug|x86.ActiveCfg = Debug|Any CPU
		{81A1B951-751E-4AAF-A582-17C8218EFED5}.Debug|x86.Build.0 = Debug|Any CPU
		{81A1B951-751E-4AAF-A582-17C8218EFED5}.Release|Any CPU.ActiveCfg = Release|Any CPU
		{81A1B951-751E-4AAF-A582-17C8218EFED5}.Release|Any CPU.Build.0 = Release|Any CPU
		{81A1B951-751E-4AAF-A582-17C8218EFED5}.Release|ARM.ActiveCfg = Release|Any CPU
		{81A1B951-751E-4AAF-A582-17C8218EFED5}.Release|ARM.Build.0 = Release|Any CPU
		{81A1B951-751E-4AAF-A582-17C8218EFED5}.Release|iPhone.ActiveCfg = Release|Any CPU
		{81A1B951-751E-4AAF-A582-17C8218EFED5}.Release|iPhone.Build.0 = Release|Any CPU
		{81A1B951-751E-4AAF-A582-17C8218EFED5}.Release|iPhoneSimulator.ActiveCfg = Release|Any CPU
		{81A1B951-751E-4AAF-A582-17C8218EFED5}.Release|iPhoneSimulator.Build.0 = Release|Any CPU
		{81A1B951-751E-4AAF-A582-17C8218EFED5}.Release|x64.ActiveCfg = Release|Any CPU
		{81A1B951-751E-4AAF-A582-17C8218EFED5}.Release|x64.Build.0 = Release|Any CPU
		{81A1B951-751E-4AAF-A582-17C8218EFED5}.Release|x86.ActiveCfg = Release|Any CPU
		{81A1B951-751E-4AAF-A582-17C8218EFED5}.Release|x86.Build.0 = Release|Any CPU
		{7EB2F848-7F7C-4DD5-9CB5-053F5946DAA8}.Ad-Hoc|Any CPU.ActiveCfg = Release|Any CPU
		{7EB2F848-7F7C-4DD5-9CB5-053F5946DAA8}.Ad-Hoc|Any CPU.Build.0 = Release|Any CPU
		{7EB2F848-7F7C-4DD5-9CB5-053F5946DAA8}.Ad-Hoc|ARM.ActiveCfg = Release|ARM
		{7EB2F848-7F7C-4DD5-9CB5-053F5946DAA8}.Ad-Hoc|ARM.Build.0 = Release|ARM
		{7EB2F848-7F7C-4DD5-9CB5-053F5946DAA8}.Ad-Hoc|iPhone.ActiveCfg = Release|Any CPU
		{7EB2F848-7F7C-4DD5-9CB5-053F5946DAA8}.Ad-Hoc|iPhone.Build.0 = Release|Any CPU
		{7EB2F848-7F7C-4DD5-9CB5-053F5946DAA8}.Ad-Hoc|iPhoneSimulator.ActiveCfg = Release|Any CPU
		{7EB2F848-7F7C-4DD5-9CB5-053F5946DAA8}.Ad-Hoc|iPhoneSimulator.Build.0 = Release|Any CPU
		{7EB2F848-7F7C-4DD5-9CB5-053F5946DAA8}.Ad-Hoc|x64.ActiveCfg = Release|x64
		{7EB2F848-7F7C-4DD5-9CB5-053F5946DAA8}.Ad-Hoc|x64.Build.0 = Release|x64
		{7EB2F848-7F7C-4DD5-9CB5-053F5946DAA8}.Ad-Hoc|x86.ActiveCfg = Release|x86
		{7EB2F848-7F7C-4DD5-9CB5-053F5946DAA8}.Ad-Hoc|x86.Build.0 = Release|x86
		{7EB2F848-7F7C-4DD5-9CB5-053F5946DAA8}.AppStore|Any CPU.ActiveCfg = Release|Any CPU
		{7EB2F848-7F7C-4DD5-9CB5-053F5946DAA8}.AppStore|Any CPU.Build.0 = Release|Any CPU
		{7EB2F848-7F7C-4DD5-9CB5-053F5946DAA8}.AppStore|ARM.ActiveCfg = Release|ARM
		{7EB2F848-7F7C-4DD5-9CB5-053F5946DAA8}.AppStore|ARM.Build.0 = Release|ARM
		{7EB2F848-7F7C-4DD5-9CB5-053F5946DAA8}.AppStore|iPhone.ActiveCfg = Release|Any CPU
		{7EB2F848-7F7C-4DD5-9CB5-053F5946DAA8}.AppStore|iPhone.Build.0 = Release|Any CPU
		{7EB2F848-7F7C-4DD5-9CB5-053F5946DAA8}.AppStore|iPhoneSimulator.ActiveCfg = Release|Any CPU
		{7EB2F848-7F7C-4DD5-9CB5-053F5946DAA8}.AppStore|iPhoneSimulator.Build.0 = Release|Any CPU
		{7EB2F848-7F7C-4DD5-9CB5-053F5946DAA8}.AppStore|x64.ActiveCfg = Release|x64
		{7EB2F848-7F7C-4DD5-9CB5-053F5946DAA8}.AppStore|x64.Build.0 = Release|x64
		{7EB2F848-7F7C-4DD5-9CB5-053F5946DAA8}.AppStore|x86.ActiveCfg = Release|x86
		{7EB2F848-7F7C-4DD5-9CB5-053F5946DAA8}.AppStore|x86.Build.0 = Release|x86
		{7EB2F848-7F7C-4DD5-9CB5-053F5946DAA8}.Debug|Any CPU.ActiveCfg = Debug|Any CPU
		{7EB2F848-7F7C-4DD5-9CB5-053F5946DAA8}.Debug|ARM.ActiveCfg = Debug|ARM
		{7EB2F848-7F7C-4DD5-9CB5-053F5946DAA8}.Debug|ARM.Build.0 = Debug|ARM
		{7EB2F848-7F7C-4DD5-9CB5-053F5946DAA8}.Debug|iPhone.ActiveCfg = Debug|Any CPU
		{7EB2F848-7F7C-4DD5-9CB5-053F5946DAA8}.Debug|iPhone.Build.0 = Debug|Any CPU
		{7EB2F848-7F7C-4DD5-9CB5-053F5946DAA8}.Debug|iPhoneSimulator.ActiveCfg = Debug|x86
		{7EB2F848-7F7C-4DD5-9CB5-053F5946DAA8}.Debug|x64.ActiveCfg = Debug|x64
		{7EB2F848-7F7C-4DD5-9CB5-053F5946DAA8}.Debug|x64.Build.0 = Debug|x64
		{7EB2F848-7F7C-4DD5-9CB5-053F5946DAA8}.Debug|x86.ActiveCfg = Debug|x86
		{7EB2F848-7F7C-4DD5-9CB5-053F5946DAA8}.Debug|x86.Build.0 = Debug|x86
		{7EB2F848-7F7C-4DD5-9CB5-053F5946DAA8}.Release|Any CPU.ActiveCfg = Release|Any CPU
		{7EB2F848-7F7C-4DD5-9CB5-053F5946DAA8}.Release|Any CPU.Build.0 = Release|Any CPU
		{7EB2F848-7F7C-4DD5-9CB5-053F5946DAA8}.Release|ARM.ActiveCfg = Release|ARM
		{7EB2F848-7F7C-4DD5-9CB5-053F5946DAA8}.Release|ARM.Build.0 = Release|ARM
		{7EB2F848-7F7C-4DD5-9CB5-053F5946DAA8}.Release|iPhone.ActiveCfg = Release|Any CPU
		{7EB2F848-7F7C-4DD5-9CB5-053F5946DAA8}.Release|iPhone.Build.0 = Release|Any CPU
		{7EB2F848-7F7C-4DD5-9CB5-053F5946DAA8}.Release|iPhoneSimulator.ActiveCfg = Release|Any CPU
		{7EB2F848-7F7C-4DD5-9CB5-053F5946DAA8}.Release|iPhoneSimulator.Build.0 = Release|Any CPU
		{7EB2F848-7F7C-4DD5-9CB5-053F5946DAA8}.Release|x64.ActiveCfg = Release|x64
		{7EB2F848-7F7C-4DD5-9CB5-053F5946DAA8}.Release|x64.Build.0 = Release|x64
		{7EB2F848-7F7C-4DD5-9CB5-053F5946DAA8}.Release|x86.ActiveCfg = Release|x86
		{7EB2F848-7F7C-4DD5-9CB5-053F5946DAA8}.Release|x86.Build.0 = Release|x86
		{819A87A4-D94F-4E91-8A8C-5387A9922C42}.Ad-Hoc|Any CPU.ActiveCfg = Release|Any CPU
		{819A87A4-D94F-4E91-8A8C-5387A9922C42}.Ad-Hoc|Any CPU.Build.0 = Release|Any CPU
		{819A87A4-D94F-4E91-8A8C-5387A9922C42}.Ad-Hoc|ARM.ActiveCfg = Release|ARM
		{819A87A4-D94F-4E91-8A8C-5387A9922C42}.Ad-Hoc|ARM.Build.0 = Release|ARM
		{819A87A4-D94F-4E91-8A8C-5387A9922C42}.Ad-Hoc|iPhone.ActiveCfg = Release|Any CPU
		{819A87A4-D94F-4E91-8A8C-5387A9922C42}.Ad-Hoc|iPhone.Build.0 = Release|Any CPU
		{819A87A4-D94F-4E91-8A8C-5387A9922C42}.Ad-Hoc|iPhoneSimulator.ActiveCfg = Release|Any CPU
		{819A87A4-D94F-4E91-8A8C-5387A9922C42}.Ad-Hoc|iPhoneSimulator.Build.0 = Release|Any CPU
		{819A87A4-D94F-4E91-8A8C-5387A9922C42}.Ad-Hoc|x64.ActiveCfg = Release|x64
		{819A87A4-D94F-4E91-8A8C-5387A9922C42}.Ad-Hoc|x64.Build.0 = Release|x64
		{819A87A4-D94F-4E91-8A8C-5387A9922C42}.Ad-Hoc|x86.ActiveCfg = Release|x86
		{819A87A4-D94F-4E91-8A8C-5387A9922C42}.Ad-Hoc|x86.Build.0 = Release|x86
		{819A87A4-D94F-4E91-8A8C-5387A9922C42}.AppStore|Any CPU.ActiveCfg = Release|Any CPU
		{819A87A4-D94F-4E91-8A8C-5387A9922C42}.AppStore|Any CPU.Build.0 = Release|Any CPU
		{819A87A4-D94F-4E91-8A8C-5387A9922C42}.AppStore|ARM.ActiveCfg = Release|ARM
		{819A87A4-D94F-4E91-8A8C-5387A9922C42}.AppStore|ARM.Build.0 = Release|ARM
		{819A87A4-D94F-4E91-8A8C-5387A9922C42}.AppStore|iPhone.ActiveCfg = Release|Any CPU
		{819A87A4-D94F-4E91-8A8C-5387A9922C42}.AppStore|iPhone.Build.0 = Release|Any CPU
		{819A87A4-D94F-4E91-8A8C-5387A9922C42}.AppStore|iPhoneSimulator.ActiveCfg = Release|Any CPU
		{819A87A4-D94F-4E91-8A8C-5387A9922C42}.AppStore|iPhoneSimulator.Build.0 = Release|Any CPU
		{819A87A4-D94F-4E91-8A8C-5387A9922C42}.AppStore|x64.ActiveCfg = Release|x64
		{819A87A4-D94F-4E91-8A8C-5387A9922C42}.AppStore|x64.Build.0 = Release|x64
		{819A87A4-D94F-4E91-8A8C-5387A9922C42}.AppStore|x86.ActiveCfg = Release|x86
		{819A87A4-D94F-4E91-8A8C-5387A9922C42}.AppStore|x86.Build.0 = Release|x86
		{819A87A4-D94F-4E91-8A8C-5387A9922C42}.Debug|Any CPU.ActiveCfg = Debug|Any CPU
		{819A87A4-D94F-4E91-8A8C-5387A9922C42}.Debug|ARM.ActiveCfg = Debug|ARM
		{819A87A4-D94F-4E91-8A8C-5387A9922C42}.Debug|ARM.Build.0 = Debug|ARM
		{819A87A4-D94F-4E91-8A8C-5387A9922C42}.Debug|iPhone.ActiveCfg = Debug|Any CPU
		{819A87A4-D94F-4E91-8A8C-5387A9922C42}.Debug|iPhone.Build.0 = Debug|Any CPU
		{819A87A4-D94F-4E91-8A8C-5387A9922C42}.Debug|iPhoneSimulator.ActiveCfg = Debug|x86
		{819A87A4-D94F-4E91-8A8C-5387A9922C42}.Debug|x64.ActiveCfg = Debug|x64
		{819A87A4-D94F-4E91-8A8C-5387A9922C42}.Debug|x64.Build.0 = Debug|x64
		{819A87A4-D94F-4E91-8A8C-5387A9922C42}.Debug|x86.ActiveCfg = Debug|x86
		{819A87A4-D94F-4E91-8A8C-5387A9922C42}.Debug|x86.Build.0 = Debug|x86
		{819A87A4-D94F-4E91-8A8C-5387A9922C42}.Release|Any CPU.ActiveCfg = Release|Any CPU
		{819A87A4-D94F-4E91-8A8C-5387A9922C42}.Release|Any CPU.Build.0 = Release|Any CPU
		{819A87A4-D94F-4E91-8A8C-5387A9922C42}.Release|ARM.ActiveCfg = Release|ARM
		{819A87A4-D94F-4E91-8A8C-5387A9922C42}.Release|ARM.Build.0 = Release|ARM
		{819A87A4-D94F-4E91-8A8C-5387A9922C42}.Release|iPhone.ActiveCfg = Release|Any CPU
		{819A87A4-D94F-4E91-8A8C-5387A9922C42}.Release|iPhone.Build.0 = Release|Any CPU
		{819A87A4-D94F-4E91-8A8C-5387A9922C42}.Release|iPhoneSimulator.ActiveCfg = Release|Any CPU
		{819A87A4-D94F-4E91-8A8C-5387A9922C42}.Release|iPhoneSimulator.Build.0 = Release|Any CPU
		{819A87A4-D94F-4E91-8A8C-5387A9922C42}.Release|x64.ActiveCfg = Release|x64
		{819A87A4-D94F-4E91-8A8C-5387A9922C42}.Release|x64.Build.0 = Release|x64
		{819A87A4-D94F-4E91-8A8C-5387A9922C42}.Release|x86.ActiveCfg = Release|x86
		{819A87A4-D94F-4E91-8A8C-5387A9922C42}.Release|x86.Build.0 = Release|x86
		{67F9D3A8-F71E-4428-913F-C37AE82CDB24}.Ad-Hoc|Any CPU.ActiveCfg = Release|Any CPU
		{67F9D3A8-F71E-4428-913F-C37AE82CDB24}.Ad-Hoc|Any CPU.Build.0 = Release|Any CPU
		{67F9D3A8-F71E-4428-913F-C37AE82CDB24}.Ad-Hoc|ARM.ActiveCfg = Release|Any CPU
		{67F9D3A8-F71E-4428-913F-C37AE82CDB24}.Ad-Hoc|ARM.Build.0 = Release|Any CPU
		{67F9D3A8-F71E-4428-913F-C37AE82CDB24}.Ad-Hoc|iPhone.ActiveCfg = Release|Any CPU
		{67F9D3A8-F71E-4428-913F-C37AE82CDB24}.Ad-Hoc|iPhone.Build.0 = Release|Any CPU
		{67F9D3A8-F71E-4428-913F-C37AE82CDB24}.Ad-Hoc|iPhoneSimulator.ActiveCfg = Release|Any CPU
		{67F9D3A8-F71E-4428-913F-C37AE82CDB24}.Ad-Hoc|iPhoneSimulator.Build.0 = Release|Any CPU
		{67F9D3A8-F71E-4428-913F-C37AE82CDB24}.Ad-Hoc|x64.ActiveCfg = Release|Any CPU
		{67F9D3A8-F71E-4428-913F-C37AE82CDB24}.Ad-Hoc|x64.Build.0 = Release|Any CPU
		{67F9D3A8-F71E-4428-913F-C37AE82CDB24}.Ad-Hoc|x86.ActiveCfg = Release|Any CPU
		{67F9D3A8-F71E-4428-913F-C37AE82CDB24}.Ad-Hoc|x86.Build.0 = Release|Any CPU
		{67F9D3A8-F71E-4428-913F-C37AE82CDB24}.AppStore|Any CPU.ActiveCfg = Release|Any CPU
		{67F9D3A8-F71E-4428-913F-C37AE82CDB24}.AppStore|Any CPU.Build.0 = Release|Any CPU
		{67F9D3A8-F71E-4428-913F-C37AE82CDB24}.AppStore|ARM.ActiveCfg = Release|Any CPU
		{67F9D3A8-F71E-4428-913F-C37AE82CDB24}.AppStore|ARM.Build.0 = Release|Any CPU
		{67F9D3A8-F71E-4428-913F-C37AE82CDB24}.AppStore|iPhone.ActiveCfg = Release|Any CPU
		{67F9D3A8-F71E-4428-913F-C37AE82CDB24}.AppStore|iPhone.Build.0 = Release|Any CPU
		{67F9D3A8-F71E-4428-913F-C37AE82CDB24}.AppStore|iPhoneSimulator.ActiveCfg = Release|Any CPU
		{67F9D3A8-F71E-4428-913F-C37AE82CDB24}.AppStore|iPhoneSimulator.Build.0 = Release|Any CPU
		{67F9D3A8-F71E-4428-913F-C37AE82CDB24}.AppStore|x64.ActiveCfg = Release|Any CPU
		{67F9D3A8-F71E-4428-913F-C37AE82CDB24}.AppStore|x64.Build.0 = Release|Any CPU
		{67F9D3A8-F71E-4428-913F-C37AE82CDB24}.AppStore|x86.ActiveCfg = Release|Any CPU
		{67F9D3A8-F71E-4428-913F-C37AE82CDB24}.AppStore|x86.Build.0 = Release|Any CPU
		{67F9D3A8-F71E-4428-913F-C37AE82CDB24}.Debug|Any CPU.ActiveCfg = Debug|Any CPU
		{67F9D3A8-F71E-4428-913F-C37AE82CDB24}.Debug|Any CPU.Build.0 = Debug|Any CPU
		{67F9D3A8-F71E-4428-913F-C37AE82CDB24}.Debug|ARM.ActiveCfg = Debug|Any CPU
		{67F9D3A8-F71E-4428-913F-C37AE82CDB24}.Debug|ARM.Build.0 = Debug|Any CPU
		{67F9D3A8-F71E-4428-913F-C37AE82CDB24}.Debug|iPhone.ActiveCfg = Debug|Any CPU
		{67F9D3A8-F71E-4428-913F-C37AE82CDB24}.Debug|iPhone.Build.0 = Debug|Any CPU
		{67F9D3A8-F71E-4428-913F-C37AE82CDB24}.Debug|iPhoneSimulator.ActiveCfg = Debug|Any CPU
		{67F9D3A8-F71E-4428-913F-C37AE82CDB24}.Debug|iPhoneSimulator.Build.0 = Debug|Any CPU
		{67F9D3A8-F71E-4428-913F-C37AE82CDB24}.Debug|x64.ActiveCfg = Debug|Any CPU
		{67F9D3A8-F71E-4428-913F-C37AE82CDB24}.Debug|x64.Build.0 = Debug|Any CPU
		{67F9D3A8-F71E-4428-913F-C37AE82CDB24}.Debug|x86.ActiveCfg = Debug|Any CPU
		{67F9D3A8-F71E-4428-913F-C37AE82CDB24}.Debug|x86.Build.0 = Debug|Any CPU
		{67F9D3A8-F71E-4428-913F-C37AE82CDB24}.Release|Any CPU.ActiveCfg = Release|Any CPU
		{67F9D3A8-F71E-4428-913F-C37AE82CDB24}.Release|Any CPU.Build.0 = Release|Any CPU
		{67F9D3A8-F71E-4428-913F-C37AE82CDB24}.Release|ARM.ActiveCfg = Release|Any CPU
		{67F9D3A8-F71E-4428-913F-C37AE82CDB24}.Release|ARM.Build.0 = Release|Any CPU
		{67F9D3A8-F71E-4428-913F-C37AE82CDB24}.Release|iPhone.ActiveCfg = Release|Any CPU
		{67F9D3A8-F71E-4428-913F-C37AE82CDB24}.Release|iPhone.Build.0 = Release|Any CPU
		{67F9D3A8-F71E-4428-913F-C37AE82CDB24}.Release|iPhoneSimulator.ActiveCfg = Release|Any CPU
		{67F9D3A8-F71E-4428-913F-C37AE82CDB24}.Release|iPhoneSimulator.Build.0 = Release|Any CPU
		{67F9D3A8-F71E-4428-913F-C37AE82CDB24}.Release|x64.ActiveCfg = Release|Any CPU
		{67F9D3A8-F71E-4428-913F-C37AE82CDB24}.Release|x64.Build.0 = Release|Any CPU
		{67F9D3A8-F71E-4428-913F-C37AE82CDB24}.Release|x86.ActiveCfg = Release|Any CPU
		{67F9D3A8-F71E-4428-913F-C37AE82CDB24}.Release|x86.Build.0 = Release|Any CPU
	EndGlobalSection
	GlobalSection(SolutionProperties) = preSolution
		HideSolutionNode = FALSE
	EndGlobalSection
EndGlobal
